
Microsoft Visual Studio Solution File, Format Version 12.00
# Visual Studio Version 16
VisualStudioVersion = 16.0.30717.126
MinimumVisualStudioVersion = 10.0.40219.1
Project("{FAE04EC0-301F-11D3-BF4B-00C04F79EFBC}") = "51_WFA_OgrenciListe", "51_WFA_OgrenciListe\51_WFA_OgrenciListe.csproj", "{A153AA61-FC56-42A9-AEE8-0BBCEB285755}"
EndProject
Global
	GlobalSection(SolutionConfigurationPlatforms) = preSolution
		Debug|Any CPU = Debug|Any CPU
		Release|Any CPU = Release|Any CPU
	EndGlobalSection
	GlobalSection(ProjectConfigurationPlatforms) = postSolution
		{A153AA61-FC56-42A9-AEE8-0BBCEB285755}.Debug|Any CPU.ActiveCfg = Debug|Any CPU
		{A153AA61-FC56-42A9-AEE8-0BBCEB285755}.Debug|Any CPU.Build.0 = Debug|Any CPU
		{A153AA61-FC56-42A9-AEE8-0BBCEB285755}.Release|Any CPU.ActiveCfg = Release|Any CPU
		{A153AA61-FC56-42A9-AEE8-0BBCEB285755}.Release|Any CPU.Build.0 = Release|Any CPU
	EndGlobalSection
	GlobalSection(SolutionProperties) = preSolution
		HideSolutionNode = FALSE
	EndGlobalSection
	GlobalSection(ExtensibilityGlobals) = postSolution
		SolutionGuid = {5CCC23C2-B53E-4959-BFA3-954857ACD9D9}
	EndGlobalSection
EndGlobal
